
Microsoft Visual Studio Solution File, Format Version 12.00
# Visual Studio Version 16
VisualStudioVersion = 16.0.29409.12
MinimumVisualStudioVersion = 10.0.40219.1
Project("{FAE04EC0-301F-11D3-BF4B-00C04F79EFBC}") = "lab8", "lab8\lab8.csproj", "{F4D93846-4B8E-4C7A-80A9-FACD70FE8CD9}"
EndProject
Global
	GlobalSection(SolutionConfigurationPlatforms) = preSolution
		Debug|Any CPU = Debug|Any CPU
		Release|Any CPU = Release|Any CPU
	EndGlobalSection
	GlobalSection(ProjectConfigurationPlatforms) = postSolution
		{F4D93846-4B8E-4C7A-80A9-FACD70FE8CD9}.Debug|Any CPU.ActiveCfg = Debug|Any CPU
		{F4D93846-4B8E-4C7A-80A9-FACD70FE8CD9}.Debug|Any CPU.Build.0 = Debug|Any CPU
		{F4D93846-4B8E-4C7A-80A9-FACD70FE8CD9}.Release|Any CPU.ActiveCfg = Release|Any CPU
		{F4D93846-4B8E-4C7A-80A9-FACD70FE8CD9}.Release|Any CPU.Build.0 = Release|Any CPU
	EndGlobalSection
	GlobalSection(SolutionProperties) = preSolution
		HideSolutionNode = FALSE
	EndGlobalSection
	GlobalSection(ExtensibilityGlobals) = postSolution
		SolutionGuid = {D3F20C2C-5301-4FA6-B642-83EC24C4B35E}
	EndGlobalSection
EndGlobal
