
Microsoft Visual Studio Solution File, Format Version 12.00
# Visual Studio Version 16
VisualStudioVersion = 16.0.29306.81
MinimumVisualStudioVersion = 10.0.40219.1
Project("{FAE04EC0-301F-11D3-BF4B-00C04F79EFBC}") = "lab 11 kukharenko", "lab 11 kukharenko\lab 11 kukharenko.csproj", "{51CDC6F4-4B5D-459D-B96C-13B0B2B72D01}"
EndProject
Global
	GlobalSection(SolutionConfigurationPlatforms) = preSolution
		Debug|Any CPU = Debug|Any CPU
		Release|Any CPU = Release|Any CPU
	EndGlobalSection
	GlobalSection(ProjectConfigurationPlatforms) = postSolution
		{51CDC6F4-4B5D-459D-B96C-13B0B2B72D01}.Debug|Any CPU.ActiveCfg = Debug|Any CPU
		{51CDC6F4-4B5D-459D-B96C-13B0B2B72D01}.Debug|Any CPU.Build.0 = Debug|Any CPU
		{51CDC6F4-4B5D-459D-B96C-13B0B2B72D01}.Release|Any CPU.ActiveCfg = Release|Any CPU
		{51CDC6F4-4B5D-459D-B96C-13B0B2B72D01}.Release|Any CPU.Build.0 = Release|Any CPU
	EndGlobalSection
	GlobalSection(SolutionProperties) = preSolution
		HideSolutionNode = FALSE
	EndGlobalSection
	GlobalSection(ExtensibilityGlobals) = postSolution
		SolutionGuid = {EC962F10-6793-43E7-A479-F04DFF0E703A}
	EndGlobalSection
EndGlobal
