
Microsoft Visual Studio Solution File, Format Version 12.00
# Visual Studio Version 16
VisualStudioVersion = 16.0.29728.190
MinimumVisualStudioVersion = 10.0.40219.1
Project("{FAE04EC0-301F-11D3-BF4B-00C04F79EFBC}") = "files_lab", "files_lab\files_lab.csproj", "{10E976EF-6A4C-4E9D-BEE1-04463380120D}"
EndProject
Global
	GlobalSection(SolutionConfigurationPlatforms) = preSolution
		Debug|Any CPU = Debug|Any CPU
		Release|Any CPU = Release|Any CPU
	EndGlobalSection
	GlobalSection(ProjectConfigurationPlatforms) = postSolution
		{10E976EF-6A4C-4E9D-BEE1-04463380120D}.Debug|Any CPU.ActiveCfg = Debug|Any CPU
		{10E976EF-6A4C-4E9D-BEE1-04463380120D}.Debug|Any CPU.Build.0 = Debug|Any CPU
		{10E976EF-6A4C-4E9D-BEE1-04463380120D}.Release|Any CPU.ActiveCfg = Release|Any CPU
		{10E976EF-6A4C-4E9D-BEE1-04463380120D}.Release|Any CPU.Build.0 = Release|Any CPU
	EndGlobalSection
	GlobalSection(SolutionProperties) = preSolution
		HideSolutionNode = FALSE
	EndGlobalSection
	GlobalSection(ExtensibilityGlobals) = postSolution
		SolutionGuid = {AF9871F7-738D-46FD-8264-9753E96475B5}
	EndGlobalSection
EndGlobal
