
Microsoft Visual Studio Solution File, Format Version 12.00
# Visual Studio Version 16
VisualStudioVersion = 16.0.29306.81
MinimumVisualStudioVersion = 10.0.40219.1
Project("{FAE04EC0-301F-11D3-BF4B-00C04F79EFBC}") = "lab5", "lab5\lab5.csproj", "{386B9C50-C162-4AAA-B0FF-9E406C85FC22}"
EndProject
Global
	GlobalSection(SolutionConfigurationPlatforms) = preSolution
		Debug|Any CPU = Debug|Any CPU
		Release|Any CPU = Release|Any CPU
	EndGlobalSection
	GlobalSection(ProjectConfigurationPlatforms) = postSolution
		{386B9C50-C162-4AAA-B0FF-9E406C85FC22}.Debug|Any CPU.ActiveCfg = Debug|Any CPU
		{386B9C50-C162-4AAA-B0FF-9E406C85FC22}.Debug|Any CPU.Build.0 = Debug|Any CPU
		{386B9C50-C162-4AAA-B0FF-9E406C85FC22}.Release|Any CPU.ActiveCfg = Release|Any CPU
		{386B9C50-C162-4AAA-B0FF-9E406C85FC22}.Release|Any CPU.Build.0 = Release|Any CPU
	EndGlobalSection
	GlobalSection(SolutionProperties) = preSolution
		HideSolutionNode = FALSE
	EndGlobalSection
	GlobalSection(ExtensibilityGlobals) = postSolution
		SolutionGuid = {9D780BE0-A8A3-401A-AC31-44F4D2E69711}
	EndGlobalSection
EndGlobal
