
Microsoft Visual Studio Solution File, Format Version 12.00
# Visual Studio Version 16
VisualStudioVersion = 16.0.29306.81
MinimumVisualStudioVersion = 10.0.40219.1
Project("{FAE04EC0-301F-11D3-BF4B-00C04F79EFBC}") = "lab3", "lab3\lab3.csproj", "{7886BD9D-6C21-4B89-92CB-3D53E3BAE619}"
EndProject
Global
	GlobalSection(SolutionConfigurationPlatforms) = preSolution
		Debug|Any CPU = Debug|Any CPU
		Release|Any CPU = Release|Any CPU
	EndGlobalSection
	GlobalSection(ProjectConfigurationPlatforms) = postSolution
		{7886BD9D-6C21-4B89-92CB-3D53E3BAE619}.Debug|Any CPU.ActiveCfg = Debug|Any CPU
		{7886BD9D-6C21-4B89-92CB-3D53E3BAE619}.Debug|Any CPU.Build.0 = Debug|Any CPU
		{7886BD9D-6C21-4B89-92CB-3D53E3BAE619}.Release|Any CPU.ActiveCfg = Release|Any CPU
		{7886BD9D-6C21-4B89-92CB-3D53E3BAE619}.Release|Any CPU.Build.0 = Release|Any CPU
	EndGlobalSection
	GlobalSection(SolutionProperties) = preSolution
		HideSolutionNode = FALSE
	EndGlobalSection
	GlobalSection(ExtensibilityGlobals) = postSolution
		SolutionGuid = {4FD5DD93-E6A5-4B59-B47A-F7EC92061DE8}
	EndGlobalSection
EndGlobal
